lockfileVersion: 5.4

specifiers:
  '@devtomio/sodium': ^0.3.0
  '@types/node': ^18.15.11
  ts-node: ^10.9.1
  typescript: ^5.0.2

dependencies:
  '@devtomio/sodium': 0.3.0

devDependencies:
  '@types/node': 18.15.11
  ts-node: 10.9.1_qj46uwwzcluhgvra3n2zhrviru
  typescript: 5.0.2

packages:

  /@cspotcode/source-map-support/0.8.1:
    resolution: {integrity: sha512-IchNf6dN4tHoMFIn/7OE8LWZ19Y6q/67Bmf6vnGREv8RSbBVb9LPJxEcnwrcwX6ixSvaiGoomAUvu4YSxXrVgw==}
    engines: {node: '>=12'}
    dependencies:
      '@jridgewell/trace-mapping': 0.3.9
    dev: true

  /@devtomio/sodium-android-arm64/0.3.0:
    resolution: {integrity: sha512-Hh7AFhkwCjmxgGAZE/Lh39+JUFakeRfFYW1eo8W2/RqtAwKSHzlQuLxbeDKQFzkBN+94rus9MB9EPkfDkmTeDw==}
    cpu: [arm64]
    os: [android]
    requiresBuild: true
    dev: false
    optional: true

  /@devtomio/sodium-darwin-arm64/0.3.0:
    resolution: {integrity: sha512-cmArnpkwJCrh97WppbltTlLJZCVdSKXzIw7mlaYSWtzwm2/vLg36+mFYcSeECt7d7wv+2KqxSrWI/3qev+i9Yg==}
    cpu: [arm64]
    os: [darwin]
    requiresBuild: true
    dev: false
    optional: true

  /@devtomio/sodium-darwin-x64/0.3.0:
    resolution: {integrity: sha512-1oWkd6ZgiIlJd5uKwckFTAcbgEfX0jLpCKIAn/heqvJS/k8R0wzlQaQBHDNfo3IzdOjZ3BWbysILWHG2SjlVYA==}
    cpu: [x64]
    os: [darwin]
    requiresBuild: true
    dev: false
    optional: true

  /@devtomio/sodium-freebsd-x64/0.3.0:
    resolution: {integrity: sha512-QdHoik5HmQYG/ewgyEzqZmUlc8vLjVKv0Sxejd+Cog5SMpM6Bxp8Mx6eXF+qf4HDSI5pMuygcebszxGd8m3qVw==}
    cpu: [x64]
    os: [freebsd]
    requiresBuild: true
    dev: false
    optional: true

  /@devtomio/sodium-linux-arm-gnueabihf/0.3.0:
    resolution: {integrity: sha512-l3PmkpWh39ge0bQnEfNAkcG8xBr2qyoAjSM27xC7f3pefMe4b6YJUi5MhR5tgkQ7KgDivNTrCWySQgSZi0WXhQ==}
    cpu: [arm]
    os: [linux]
    requiresBuild: true
    dev: false
    optional: true

  /@devtomio/sodium-linux-arm64-gnu/0.3.0:
    resolution: {integrity: sha512-zKvBwzqhRb4LVgXhfEj1Z+6t9yz+Qi3iXKQ/bOK146iQJ3XIEbRS3EKRO+w5al/ipYmV6vWpPxEmBk1X1Kfvfg==}
    cpu: [arm64]
    os: [linux]
    requiresBuild: true
    dev: false
    optional: true

  /@devtomio/sodium-linux-arm64-musl/0.3.0:
    resolution: {integrity: sha512-6tJ3mvmtySrMDW5uXpTNpAg2Xeec0KqRFT2ZrDxK8NmoHJlX3KXdgqmPRIBT6kkiogz6PFRQVexdtcy1OVJcMA==}
    cpu: [arm64]
    os: [linux]
    requiresBuild: true
    dev: false
    optional: true

  /@devtomio/sodium-linux-x64-gnu/0.3.0:
    resolution: {integrity: sha512-eJiHMhuFs+R3XDJ3zmJMUYWKJX7zFeohw1eGDr2TYZrDfE0rsRCtHMjgKtPl5HtbShGNMR9Ap9Fy98nwG89UCg==}
    cpu: [x64]
    os: [linux]
    requiresBuild: true
    dev: false
    optional: true

  /@devtomio/sodium-linux-x64-musl/0.3.0:
    resolution: {integrity: sha512-bSM9T+4L8jR/n2xHSudhpyU7WonRDk3fCamysy6skncGp0fLQJ2s257KoIutrr2alNGsmkcZy4/oe0c3A6haQg==}
    cpu: [x64]
    os: [linux]
    requiresBuild: true
    dev: false
    optional: true

  /@devtomio/sodium-win32-x64-msvc/0.3.0:
    resolution: {integrity: sha512-X3y6sl6q8RSxezq8V03Rtc1b/QmSmBXw0JmxjCAmVo6KKrpYuQpAxkbH78TRPUxixWzXLIDU+3MyEUJQQjOLtA==}
    cpu: [x64]
    os: [win32]
    requiresBuild: true
    dev: false
    optional: true

  /@devtomio/sodium/0.3.0:
    resolution: {integrity: sha512-XL+alYPip4uRfeG8YizVfl0aPvIE61mnNCXGbKJWEQL4AL2q8zhLX7j9w24MYsZtHwOC7vWVcms68WeHDNm9Rw==}
    dependencies:
      '@node-rs/helper': 1.3.3
      tslib: 2.5.0
    optionalDependencies:
      '@devtomio/sodium-android-arm64': 0.3.0
      '@devtomio/sodium-darwin-arm64': 0.3.0
      '@devtomio/sodium-darwin-x64': 0.3.0
      '@devtomio/sodium-freebsd-x64': 0.3.0
      '@devtomio/sodium-linux-arm-gnueabihf': 0.3.0
      '@devtomio/sodium-linux-arm64-gnu': 0.3.0
      '@devtomio/sodium-linux-arm64-musl': 0.3.0
      '@devtomio/sodium-linux-x64-gnu': 0.3.0
      '@devtomio/sodium-linux-x64-musl': 0.3.0
      '@devtomio/sodium-win32-x64-msvc': 0.3.0
    dev: false

  /@jridgewell/resolve-uri/3.1.0:
    resolution: {integrity: sha512-F2msla3tad+Mfht5cJq7LSXcdudKTWCVYUgw6pLFOOHSTtZlj6SWNYAp+AhuqLmWdBO2X5hPrLcu8cVP8fy28w==}
    engines: {node: '>=6.0.0'}
    dev: true

  /@jridgewell/sourcemap-codec/1.4.14:
    resolution: {integrity: sha512-XPSJHWmi394fuUuzDnGz1wiKqWfo1yXecHQMRf2l6hztTO+nPru658AyDngaBe7isIxEkRsPR3FZh+s7iVa4Uw==}
    dev: true

  /@jridgewell/trace-mapping/0.3.9:
    resolution: {integrity: sha512-3Belt6tdc8bPgAtbcmdtNJlirVoTmEb5e2gC94PnkwEW9jI6CAHUeoG85tjWP5WquqfavoMtMwiG4P926ZKKuQ==}
    dependencies:
      '@jridgewell/resolve-uri': 3.1.0
      '@jridgewell/sourcemap-codec': 1.4.14
    dev: true

  /@napi-rs/triples/1.1.0:
    resolution: {integrity: sha512-XQr74QaLeMiqhStEhLn1im9EOMnkypp7MZOwQhGzqp2Weu5eQJbpPxWxixxlYRKWPOmJjsk6qYfYH9kq43yc2w==}
    dev: false

  /@node-rs/helper/1.3.3:
    resolution: {integrity: sha512-p4OdfQObGN9YFy5WZaGwlPYICQSe7xZYyXB0sxREmvj1HzGKp5bPg2PlfgfMZEfnjIA882B9ZrnagYzZihIwjA==}
    dependencies:
      '@napi-rs/triples': 1.1.0
    dev: false

  /@tsconfig/node10/1.0.9:
    resolution: {integrity: sha512-jNsYVVxU8v5g43Erja32laIDHXeoNvFEpX33OK4d6hljo3jDhCBDhx5dhCCTMWUojscpAagGiRkBKxpdl9fxqA==}
    dev: true

  /@tsconfig/node12/1.0.11:
    resolution: {integrity: sha512-cqefuRsh12pWyGsIoBKJA9luFu3mRxCA+ORZvA4ktLSzIuCUtWVxGIuXigEwO5/ywWFMZ2QEGKWvkZG1zDMTag==}
    dev: true

  /@tsconfig/node14/1.0.3:
    resolution: {integrity: sha512-ysT8mhdixWK6Hw3i1V2AeRqZ5WfXg1G43mqoYlM2nc6388Fq5jcXyr5mRsqViLx/GJYdoL0bfXD8nmF+Zn/Iow==}
    dev: true

  /@tsconfig/node16/1.0.3:
    resolution: {integrity: sha512-yOlFc+7UtL/89t2ZhjPvvB/DeAr3r+Dq58IgzsFkOAvVC6NMJXmCGjbptdXdR9qsX7pKcTL+s87FtYREi2dEEQ==}
    dev: true

  /@types/node/18.15.11:
    resolution: {integrity: sha512-E5Kwq2n4SbMzQOn6wnmBjuK9ouqlURrcZDVfbo9ftDDTFt3nk7ZKK4GMOzoYgnpQJKcxwQw+lGaBvvlMo0qN/Q==}
    dev: true

  /acorn-walk/8.2.0:
    resolution: {integrity: sha512-k+iyHEuPgSw6SbuDpGQM+06HQUa04DZ3o+F6CSzXMvvI5KMvnaEqXe+YVe555R9nn6GPt404fos4wcgpw12SDA==}
    engines: {node: '>=0.4.0'}
    dev: true

  /acorn/8.8.2:
    resolution: {integrity: sha512-xjIYgE8HBrkpd/sJqOGNspf8uHG+NOHGOw6a/Urj8taM2EXfdNAH2oFcPeIFfsv3+kz/mJrS5VuMqbNLjCa2vw==}
    engines: {node: '>=0.4.0'}
    hasBin: true
    dev: true

  /arg/4.1.3:
    resolution: {integrity: sha512-58S9QDqG0Xx27YwPSt9fJxivjYl432YCwfDMfZ+71RAqUrZef7LrKQZ3LHLOwCS4FLNBplP533Zx895SeOCHvA==}
    dev: true

  /create-require/1.1.1:
    resolution: {integrity: sha512-dcKFX3jn0MpIaXjisoRvexIJVEKzaq7z2rZKxf+MSr9TkdmHmsU4m2lcLojrj/FHl8mk5VxMmYA+ftRkP/3oKQ==}
    dev: true

  /diff/4.0.2:
    resolution: {integrity: sha512-58lmxKSA4BNyLz+HHMUzlOEpg09FV+ev6ZMe3vJihgdxzgcwZ8VoEEPmALCZG9LmqfVoNMMKpttIYTVG6uDY7A==}
    engines: {node: '>=0.3.1'}
    dev: true

  /make-error/1.3.6:
    resolution: {integrity: sha512-s8UhlNe7vPKomQhC1qFelMokr/Sc3AgNbso3n74mVPA5LTZwkB9NlXf4XPamLxJE8h0gh73rM94xvwRT2CVInw==}
    dev: true

  /ts-node/10.9.1_qj46uwwzcluhgvra3n2zhrviru:
    resolution: {integrity: sha512-NtVysVPkxxrwFGUUxGYhfux8k78pQB3JqYBXlLRZgdGUqTO5wU/UyHop5p70iEbGhB7q5KmiZiU0Y3KlJrScEw==}
    hasBin: true
    peerDependencies:
      '@swc/core': '>=1.2.50'
      '@swc/wasm': '>=1.2.50'
      '@types/node': '*'
      typescript: '>=2.7'
    peerDependenciesMeta:
      '@swc/core':
        optional: true
      '@swc/wasm':
        optional: true
    dependencies:
      '@cspotcode/source-map-support': 0.8.1
      '@tsconfig/node10': 1.0.9
      '@tsconfig/node12': 1.0.11
      '@tsconfig/node14': 1.0.3
      '@tsconfig/node16': 1.0.3
      '@types/node': 18.15.11
      acorn: 8.8.2
      acorn-walk: 8.2.0
      arg: 4.1.3
      create-require: 1.1.1
      diff: 4.0.2
      make-error: 1.3.6
      typescript: 5.0.2
      v8-compile-cache-lib: 3.0.1
      yn: 3.1.1
    dev: true

  /tslib/2.5.0:
    resolution: {integrity: sha512-336iVw3rtn2BUK7ORdIAHTyxHGRIHVReokCR3XjbckJMK7ms8FysBfhLR8IXnAgy7T0PTPNBWKiH514FOW/WSg==}
    dev: false

  /typescript/5.0.2:
    resolution: {integrity: sha512-wVORMBGO/FAs/++blGNeAVdbNKtIh1rbBL2EyQ1+J9lClJ93KiiKe8PmFIVdXhHcyv44SL9oglmfeSsndo0jRw==}
    engines: {node: '>=12.20'}
    hasBin: true
    dev: true

  /v8-compile-cache-lib/3.0.1:
    resolution: {integrity: sha512-wa7YjyUGfNZngI/vtK0UHAN+lgDCxBPCylVXGp0zu59Fz5aiGtNXaq3DhIov063MorB+VfufLh3JlF2KdTK3xg==}
    dev: true

  /yn/3.1.1:
    resolution: {integrity: sha512-Ux4ygGWsu2c7isFWe8Yu1YluJmqVhxqK2cLXNQA5AcC3QfbGNpM7fu0Y8b/z16pXLnFxZYvWhd3fhBY9DLmC6Q==}
    engines: {node: '>=6'}
    dev: true
