# THIS IS AN AUTOGENERATED FILE. DO NOT EDIT THIS FILE DIRECTLY.
# yarn lockfile v1


"@cspotcode/source-map-support@^0.8.0":
  version "0.8.1"
  resolved "https://registry.yarnpkg.com/@cspotcode/source-map-support/-/source-map-support-0.8.1.tgz#00629c35a688e05a88b1cda684fb9d5e73f000a1"
  integrity sha512-IchNf6dN4tHoMFIn/7OE8LWZ19Y6q/67Bmf6vnGREv8RSbBVb9LPJxEcnwrcwX6ixSvaiGoomAUvu4YSxXrVgw==
  dependencies:
    "@jridgewell/trace-mapping" "0.3.9"

"@devtomio/sodium-android-arm64@0.3.0":
  version "0.3.0"
  resolved "https://registry.yarnpkg.com/@devtomio/sodium-android-arm64/-/sodium-android-arm64-0.3.0.tgz#4c90110b0b9152d6711540f97d4ac23ee557ba44"
  integrity sha512-Hh7AFhkwCjmxgGAZE/Lh39+JUFakeRfFYW1eo8W2/RqtAwKSHzlQuLxbeDKQFzkBN+94rus9MB9EPkfDkmTeDw==

"@devtomio/sodium-darwin-arm64@0.3.0":
  version "0.3.0"
  resolved "https://registry.yarnpkg.com/@devtomio/sodium-darwin-arm64/-/sodium-darwin-arm64-0.3.0.tgz#289a776e0869122851493e4dc9d05dd2a719aa48"
  integrity sha512-cmArnpkwJCrh97WppbltTlLJZCVdSKXzIw7mlaYSWtzwm2/vLg36+mFYcSeECt7d7wv+2KqxSrWI/3qev+i9Yg==

"@devtomio/sodium-darwin-x64@0.3.0":
  version "0.3.0"
  resolved "https://registry.yarnpkg.com/@devtomio/sodium-darwin-x64/-/sodium-darwin-x64-0.3.0.tgz#9f3339ee30334c432467d68733dbc35072029e58"
  integrity sha512-1oWkd6ZgiIlJd5uKwckFTAcbgEfX0jLpCKIAn/heqvJS/k8R0wzlQaQBHDNfo3IzdOjZ3BWbysILWHG2SjlVYA==

"@devtomio/sodium-freebsd-x64@0.3.0":
  version "0.3.0"
  resolved "https://registry.yarnpkg.com/@devtomio/sodium-freebsd-x64/-/sodium-freebsd-x64-0.3.0.tgz#3e648afb166a2c8a09a282e87072e3fe57301bd9"
  integrity sha512-QdHoik5HmQYG/ewgyEzqZmUlc8vLjVKv0Sxejd+Cog5SMpM6Bxp8Mx6eXF+qf4HDSI5pMuygcebszxGd8m3qVw==

"@devtomio/sodium-linux-arm-gnueabihf@0.3.0":
  version "0.3.0"
  resolved "https://registry.yarnpkg.com/@devtomio/sodium-linux-arm-gnueabihf/-/sodium-linux-arm-gnueabihf-0.3.0.tgz#aca4e8f407f50d065195c5a338b015d72d53ecdb"
  integrity sha512-l3PmkpWh39ge0bQnEfNAkcG8xBr2qyoAjSM27xC7f3pefMe4b6YJUi5MhR5tgkQ7KgDivNTrCWySQgSZi0WXhQ==

"@devtomio/sodium-linux-arm64-gnu@0.3.0":
  version "0.3.0"
  resolved "https://registry.yarnpkg.com/@devtomio/sodium-linux-arm64-gnu/-/sodium-linux-arm64-gnu-0.3.0.tgz#1b08d6f1117a61f1dccdd702efec45c4bb6f6dd7"
  integrity sha512-zKvBwzqhRb4LVgXhfEj1Z+6t9yz+Qi3iXKQ/bOK146iQJ3XIEbRS3EKRO+w5al/ipYmV6vWpPxEmBk1X1Kfvfg==

"@devtomio/sodium-linux-arm64-musl@0.3.0":
  version "0.3.0"
  resolved "https://registry.yarnpkg.com/@devtomio/sodium-linux-arm64-musl/-/sodium-linux-arm64-musl-0.3.0.tgz#ce2e2adc5888fe33bc3ed37f0ecdc0fcf5df1bb7"
  integrity sha512-6tJ3mvmtySrMDW5uXpTNpAg2Xeec0KqRFT2ZrDxK8NmoHJlX3KXdgqmPRIBT6kkiogz6PFRQVexdtcy1OVJcMA==

"@devtomio/sodium-linux-x64-gnu@0.3.0":
  version "0.3.0"
  resolved "https://registry.yarnpkg.com/@devtomio/sodium-linux-x64-gnu/-/sodium-linux-x64-gnu-0.3.0.tgz#0f349cedd043d173ca14374bf9fcb4af589cac16"
  integrity sha512-eJiHMhuFs+R3XDJ3zmJMUYWKJX7zFeohw1eGDr2TYZrDfE0rsRCtHMjgKtPl5HtbShGNMR9Ap9Fy98nwG89UCg==

"@devtomio/sodium-linux-x64-musl@0.3.0":
  version "0.3.0"
  resolved "https://registry.yarnpkg.com/@devtomio/sodium-linux-x64-musl/-/sodium-linux-x64-musl-0.3.0.tgz#41ef17db38e5fdb5e5dc128abdda6d9c76456ba6"
  integrity sha512-bSM9T+4L8jR/n2xHSudhpyU7WonRDk3fCamysy6skncGp0fLQJ2s257KoIutrr2alNGsmkcZy4/oe0c3A6haQg==

"@devtomio/sodium-win32-x64-msvc@0.3.0":
  version "0.3.0"
  resolved "https://registry.yarnpkg.com/@devtomio/sodium-win32-x64-msvc/-/sodium-win32-x64-msvc-0.3.0.tgz#43751b97eb83dd66d1d3f227f28f862147ce957c"
  integrity sha512-X3y6sl6q8RSxezq8V03Rtc1b/QmSmBXw0JmxjCAmVo6KKrpYuQpAxkbH78TRPUxixWzXLIDU+3MyEUJQQjOLtA==

"@devtomio/sodium@^0.3.0":
  version "0.3.0"
  resolved "https://registry.yarnpkg.com/@devtomio/sodium/-/sodium-0.3.0.tgz#01010ddddf7e73d6b9803700785f252d89794f7e"
  integrity sha512-XL+alYPip4uRfeG8YizVfl0aPvIE61mnNCXGbKJWEQL4AL2q8zhLX7j9w24MYsZtHwOC7vWVcms68WeHDNm9Rw==
  dependencies:
    "@node-rs/helper" "^1.3.3"
    tslib "^2.3.1"
  optionalDependencies:
    "@devtomio/sodium-android-arm64" "0.3.0"
    "@devtomio/sodium-darwin-arm64" "0.3.0"
    "@devtomio/sodium-darwin-x64" "0.3.0"
    "@devtomio/sodium-freebsd-x64" "0.3.0"
    "@devtomio/sodium-linux-arm-gnueabihf" "0.3.0"
    "@devtomio/sodium-linux-arm64-gnu" "0.3.0"
    "@devtomio/sodium-linux-arm64-musl" "0.3.0"
    "@devtomio/sodium-linux-x64-gnu" "0.3.0"
    "@devtomio/sodium-linux-x64-musl" "0.3.0"
    "@devtomio/sodium-win32-x64-msvc" "0.3.0"

"@jridgewell/resolve-uri@^3.0.3":
  version "3.1.0"
  resolved "https://registry.yarnpkg.com/@jridgewell/resolve-uri/-/resolve-uri-3.1.0.tgz#2203b118c157721addfe69d47b70465463066d78"
  integrity sha512-F2msla3tad+Mfht5cJq7LSXcdudKTWCVYUgw6pLFOOHSTtZlj6SWNYAp+AhuqLmWdBO2X5hPrLcu8cVP8fy28w==

"@jridgewell/sourcemap-codec@^1.4.10":
  version "1.4.14"
  resolved "https://registry.yarnpkg.com/@jridgewell/sourcemap-codec/-/sourcemap-codec-1.4.14.tgz#add4c98d341472a289190b424efbdb096991bb24"
  integrity sha512-XPSJHWmi394fuUuzDnGz1wiKqWfo1yXecHQMRf2l6hztTO+nPru658AyDngaBe7isIxEkRsPR3FZh+s7iVa4Uw==

"@jridgewell/trace-mapping@0.3.9":
  version "0.3.9"
  resolved "https://registry.yarnpkg.com/@jridgewell/trace-mapping/-/trace-mapping-0.3.9.tgz#6534fd5933a53ba7cbf3a17615e273a0d1273ff9"
  integrity sha512-3Belt6tdc8bPgAtbcmdtNJlirVoTmEb5e2gC94PnkwEW9jI6CAHUeoG85tjWP5WquqfavoMtMwiG4P926ZKKuQ==
  dependencies:
    "@jridgewell/resolve-uri" "^3.0.3"
    "@jridgewell/sourcemap-codec" "^1.4.10"

"@napi-rs/triples@^1.1.0":
  version "1.1.0"
  resolved "https://registry.yarnpkg.com/@napi-rs/triples/-/triples-1.1.0.tgz#88c35b72e79a20b79bb4c9b3e2817241a1c9f4f9"
  integrity sha512-XQr74QaLeMiqhStEhLn1im9EOMnkypp7MZOwQhGzqp2Weu5eQJbpPxWxixxlYRKWPOmJjsk6qYfYH9kq43yc2w==

"@node-rs/helper@^1.3.3":
  version "1.3.3"
  resolved "https://registry.yarnpkg.com/@node-rs/helper/-/helper-1.3.3.tgz#2b1953846ddba31bfb7ecf4ba57e7b1359fcdedc"
  integrity sha512-p4OdfQObGN9YFy5WZaGwlPYICQSe7xZYyXB0sxREmvj1HzGKp5bPg2PlfgfMZEfnjIA882B9ZrnagYzZihIwjA==
  dependencies:
    "@napi-rs/triples" "^1.1.0"

"@photostructure/tz-lookup@^7.0.0":
  version "7.0.0"
  resolved "https://registry.yarnpkg.com/@photostructure/tz-lookup/-/tz-lookup-7.0.0.tgz#b079412e7fea59033e441c08fcdb37d7c3c05901"
  integrity sha512-pTRsZz7Sn4yAtItC7I4+0segDHosMyOtJgAXg+xvDOolT0Xz4IFWqBV33OMCWoaNd3oQb60wbWhLeCQgJCyZAA==

"@tsconfig/node10@^1.0.7":
  version "1.0.9"
  resolved "https://registry.yarnpkg.com/@tsconfig/node10/-/node10-1.0.9.tgz#df4907fc07a886922637b15e02d4cebc4c0021b2"
  integrity sha512-jNsYVVxU8v5g43Erja32laIDHXeoNvFEpX33OK4d6hljo3jDhCBDhx5dhCCTMWUojscpAagGiRkBKxpdl9fxqA==

"@tsconfig/node12@^1.0.7":
  version "1.0.11"
  resolved "https://registry.yarnpkg.com/@tsconfig/node12/-/node12-1.0.11.tgz#ee3def1f27d9ed66dac6e46a295cffb0152e058d"
  integrity sha512-cqefuRsh12pWyGsIoBKJA9luFu3mRxCA+ORZvA4ktLSzIuCUtWVxGIuXigEwO5/ywWFMZ2QEGKWvkZG1zDMTag==

"@tsconfig/node14@^1.0.0":
  version "1.0.3"
  resolved "https://registry.yarnpkg.com/@tsconfig/node14/-/node14-1.0.3.tgz#e4386316284f00b98435bf40f72f75a09dabf6c1"
  integrity sha512-ysT8mhdixWK6Hw3i1V2AeRqZ5WfXg1G43mqoYlM2nc6388Fq5jcXyr5mRsqViLx/GJYdoL0bfXD8nmF+Zn/Iow==

"@tsconfig/node16@^1.0.2":
  version "1.0.3"
  resolved "https://registry.yarnpkg.com/@tsconfig/node16/-/node16-1.0.3.tgz#472eaab5f15c1ffdd7f8628bd4c4f753995ec79e"
  integrity sha512-yOlFc+7UtL/89t2ZhjPvvB/DeAr3r+Dq58IgzsFkOAvVC6NMJXmCGjbptdXdR9qsX7pKcTL+s87FtYREi2dEEQ==

"@types/luxon@^3.2.0":
  version "3.3.0"
  resolved "https://registry.yarnpkg.com/@types/luxon/-/luxon-3.3.0.tgz#a61043a62c0a72696c73a0a305c544c96501e006"
  integrity sha512-uKRI5QORDnrGFYgcdAVnHvEIvEZ8noTpP/Bg+HeUzZghwinDlIS87DEenV5r1YoOF9G4x600YsUXLWZ19rmTmg==

"@types/node@^18.15.11":
  version "18.15.11"
  resolved "https://registry.yarnpkg.com/@types/node/-/node-18.15.11.tgz#b3b790f09cb1696cffcec605de025b088fa4225f"
  integrity sha512-E5Kwq2n4SbMzQOn6wnmBjuK9ouqlURrcZDVfbo9ftDDTFt3nk7ZKK4GMOzoYgnpQJKcxwQw+lGaBvvlMo0qN/Q==

acorn-walk@^8.1.1:
  version "8.2.0"
  resolved "https://registry.yarnpkg.com/acorn-walk/-/acorn-walk-8.2.0.tgz#741210f2e2426454508853a2f44d0ab83b7f69c1"
  integrity sha512-k+iyHEuPgSw6SbuDpGQM+06HQUa04DZ3o+F6CSzXMvvI5KMvnaEqXe+YVe555R9nn6GPt404fos4wcgpw12SDA==

acorn@^8.4.1:
  version "8.8.2"
  resolved "https://registry.yarnpkg.com/acorn/-/acorn-8.8.2.tgz#1b2f25db02af965399b9776b0c2c391276d37c4a"
  integrity sha512-xjIYgE8HBrkpd/sJqOGNspf8uHG+NOHGOw6a/Urj8taM2EXfdNAH2oFcPeIFfsv3+kz/mJrS5VuMqbNLjCa2vw==

arg@^4.1.0:
  version "4.1.3"
  resolved "https://registry.yarnpkg.com/arg/-/arg-4.1.3.tgz#269fc7ad5b8e42cb63c896d5666017261c144089"
  integrity sha512-58S9QDqG0Xx27YwPSt9fJxivjYl432YCwfDMfZ+71RAqUrZef7LrKQZ3LHLOwCS4FLNBplP533Zx895SeOCHvA==

batch-cluster@^12.0.0:
  version "12.0.0"
  resolved "https://registry.yarnpkg.com/batch-cluster/-/batch-cluster-12.0.0.tgz#bfd3ff7c81bec3ae2ad63d0d78edef26ed62611d"
  integrity sha512-IYLp2rqdgB6f8rWklBnZpYxJVEN475SuBlykhwiDoHM9zOOXTqhKaJF2733dXUZcedApmn1oWfn1EUqQQf6hyg==

create-require@^1.1.0:
  version "1.1.1"
  resolved "https://registry.yarnpkg.com/create-require/-/create-require-1.1.1.tgz#c1d7e8f1e5f6cfc9ff65f9cd352d37348756c333"
  integrity sha512-dcKFX3jn0MpIaXjisoRvexIJVEKzaq7z2rZKxf+MSr9TkdmHmsU4m2lcLojrj/FHl8mk5VxMmYA+ftRkP/3oKQ==

diff@^4.0.1:
  version "4.0.2"
  resolved "https://registry.yarnpkg.com/diff/-/diff-4.0.2.tgz#60f3aecb89d5fae520c11aa19efc2bb982aade7d"
  integrity sha512-58lmxKSA4BNyLz+HHMUzlOEpg09FV+ev6ZMe3vJihgdxzgcwZ8VoEEPmALCZG9LmqfVoNMMKpttIYTVG6uDY7A==

exiftool-vendored.exe@12.56.0:
  version "12.56.0"
  resolved "https://registry.yarnpkg.com/exiftool-vendored.exe/-/exiftool-vendored.exe-12.56.0.tgz#740fc0417a7d9080e406c207146cd5d1afcb350a"
  integrity sha512-Taf11Nct1ArOas7u/gm4QsVyfCcvjp3R1mWyzK1HPEtrGFOkNMyK7j0oPA0yYqZdLLNoqosXTMz/5x2WS2zL6Q==

exiftool-vendored.pl@12.56.0:
  version "12.56.0"
  resolved "https://registry.yarnpkg.com/exiftool-vendored.pl/-/exiftool-vendored.pl-12.56.0.tgz#2a1b7b6b442555b519346448f34454546f86c522"
  integrity sha512-WLY8L//z6PGBXP/sZl/9SA8hJ1OoTBWw8eO2kDZPXInEt4fJKl2dTZD7M+PcehNIUhy0Ud/HZF5DK1MZc5au2w==

exiftool-vendored@^21.2.0:
  version "21.2.0"
  resolved "https://registry.yarnpkg.com/exiftool-vendored/-/exiftool-vendored-21.2.0.tgz#488fad7a4fd5478c415579116867e01d1aa46949"
  integrity sha512-zmojRmQPuTrRKJAxOqdXALQApaxJTKY3Gf1A9dxWgTKtdmgZDSmWbntoXFAl9CvPdAXPHq+VCUXL1g9Ue+iw+w==
  dependencies:
    "@photostructure/tz-lookup" "^7.0.0"
    "@types/luxon" "^3.2.0"
    batch-cluster "^12.0.0"
    he "^1.2.0"
    luxon "^3.2.1"
  optionalDependencies:
    exiftool-vendored.exe "12.56.0"
    exiftool-vendored.pl "12.56.0"

he@^1.2.0:
  version "1.2.0"
  resolved "https://registry.yarnpkg.com/he/-/he-1.2.0.tgz#84ae65fa7eafb165fddb61566ae14baf05664f0f"
  integrity sha512-F/1DnUGPopORZi0ni+CvrCgHQ5FyEAHRLSApuYWMmrbSwoN2Mn/7k+Gl38gJnR7yyDZk6WLXwiGod1JOWNDKGw==

jose@^4.13.1:
  version "4.13.1"
  resolved "https://registry.yarnpkg.com/jose/-/jose-4.13.1.tgz#449111bb5ab171db85c03f1bd2cb1647ca06db1c"
  integrity sha512-MSJQC5vXco5Br38mzaQKiq9mwt7lwj2eXpgpRyQYNHYt2lq1PjkWa7DLXX0WVcQLE9HhMh3jPiufS7fhJf+CLQ==

luxon@^3.2.1:
  version "3.3.0"
  resolved "https://registry.yarnpkg.com/luxon/-/luxon-3.3.0.tgz#d73ab5b5d2b49a461c47cedbc7e73309b4805b48"
  integrity sha512-An0UCfG/rSiqtAIiBPO0Y9/zAnHUZxAMiCpTd5h2smgsj7GGmcenvrvww2cqNA8/4A5ZrD1gJpHN2mIHZQF+Mg==

make-error@^1.1.1:
  version "1.3.6"
  resolved "https://registry.yarnpkg.com/make-error/-/make-error-1.3.6.tgz#2eb2e37ea9b67c4891f684a1394799af484cf7a2"
  integrity sha512-s8UhlNe7vPKomQhC1qFelMokr/Sc3AgNbso3n74mVPA5LTZwkB9NlXf4XPamLxJE8h0gh73rM94xvwRT2CVInw==

ts-node@^10.9.1:
  version "10.9.1"
  resolved "https://registry.yarnpkg.com/ts-node/-/ts-node-10.9.1.tgz#e73de9102958af9e1f0b168a6ff320e25adcff4b"
  integrity sha512-NtVysVPkxxrwFGUUxGYhfux8k78pQB3JqYBXlLRZgdGUqTO5wU/UyHop5p70iEbGhB7q5KmiZiU0Y3KlJrScEw==
  dependencies:
    "@cspotcode/source-map-support" "^0.8.0"
    "@tsconfig/node10" "^1.0.7"
    "@tsconfig/node12" "^1.0.7"
    "@tsconfig/node14" "^1.0.0"
    "@tsconfig/node16" "^1.0.2"
    acorn "^8.4.1"
    acorn-walk "^8.1.1"
    arg "^4.1.0"
    create-require "^1.1.0"
    diff "^4.0.1"
    make-error "^1.1.1"
    v8-compile-cache-lib "^3.0.1"
    yn "3.1.1"

tslib@^2.3.1:
  version "2.5.0"
  resolved "https://registry.yarnpkg.com/tslib/-/tslib-2.5.0.tgz#42bfed86f5787aeb41d031866c8f402429e0fddf"
  integrity sha512-336iVw3rtn2BUK7ORdIAHTyxHGRIHVReokCR3XjbckJMK7ms8FysBfhLR8IXnAgy7T0PTPNBWKiH514FOW/WSg==

typescript@^5.0.2:
  version "5.0.3"
  resolved "https://registry.yarnpkg.com/typescript/-/typescript-5.0.3.tgz#fe976f0c826a88d0a382007681cbb2da44afdedf"
  integrity sha512-xv8mOEDnigb/tN9PSMTwSEqAnUvkoXMQlicOb0IUVDBSQCgBSaAAROUZYy2IcUy5qU6XajK5jjjO7TMWqBTKZA==

v8-compile-cache-lib@^3.0.1:
  version "3.0.1"
  resolved "https://registry.yarnpkg.com/v8-compile-cache-lib/-/v8-compile-cache-lib-3.0.1.tgz#6336e8d71965cb3d35a1bbb7868445a7c05264bf"
  integrity sha512-wa7YjyUGfNZngI/vtK0UHAN+lgDCxBPCylVXGp0zu59Fz5aiGtNXaq3DhIov063MorB+VfufLh3JlF2KdTK3xg==

yn@3.1.1:
  version "3.1.1"
  resolved "https://registry.yarnpkg.com/yn/-/yn-3.1.1.tgz#1e87401a09d767c1d5eab26a6e4c185182d2eb50"
  integrity sha512-Ux4ygGWsu2c7isFWe8Yu1YluJmqVhxqK2cLXNQA5AcC3QfbGNpM7fu0Y8b/z16pXLnFxZYvWhd3fhBY9DLmC6Q==
